
Microsoft Visual Studio Solution File, Format Version 12.00
# Visual Studio Version 17
VisualStudioVersion = 17.6.33723.286
MinimumVisualStudioVersion = 10.0.40219.1
Project("{FAE04EC0-301F-11D3-BF4B-00C04F79EFBC}") = "Exer-TabCpntrol", "Exer-TabCpntrol\Exer-TabCpntrol.csproj", "{768FE887-988E-4D3D-8F14-B52D5F86D3BD}"
EndProject
Global
	GlobalSection(SolutionConfigurationPlatforms) = preSolution
		Debug|Any CPU = Debug|Any CPU
		Release|Any CPU = Release|Any CPU
	EndGlobalSection
	GlobalSection(ProjectConfigurationPlatforms) = postSolution
		{768FE887-988E-4D3D-8F14-B52D5F86D3BD}.Debug|Any CPU.ActiveCfg = Debug|Any CPU
		{768FE887-988E-4D3D-8F14-B52D5F86D3BD}.Debug|Any CPU.Build.0 = Debug|Any CPU
		{768FE887-988E-4D3D-8F14-B52D5F86D3BD}.Release|Any CPU.ActiveCfg = Release|Any CPU
		{768FE887-988E-4D3D-8F14-B52D5F86D3BD}.Release|Any CPU.Build.0 = Release|Any CPU
	EndGlobalSection
	GlobalSection(SolutionProperties) = preSolution
		HideSolutionNode = FALSE
	EndGlobalSection
	GlobalSection(ExtensibilityGlobals) = postSolution
		SolutionGuid = {85D66184-0C8F-4BD5-909D-BA3B46C4DDF9}
	EndGlobalSection
EndGlobal
