
Microsoft Visual Studio Solution File, Format Version 12.00
# Visual Studio Version 16
VisualStudioVersion = 16.0.33027.164
MinimumVisualStudioVersion = 10.0.40219.1
Project("{FAE04EC0-301F-11D3-BF4B-00C04F79EFBC}") = "TabControl", "TabControl.csproj", "{90B208B2-CC34-49F1-857E-99333BD19542}"
EndProject
Global
	GlobalSection(SolutionConfigurationPlatforms) = preSolution
		Debug|Any CPU = Debug|Any CPU
		Release|Any CPU = Release|Any CPU
	EndGlobalSection
	GlobalSection(ProjectConfigurationPlatforms) = postSolution
		{90B208B2-CC34-49F1-857E-99333BD19542}.Debug|Any CPU.ActiveCfg = Debug|Any CPU
		{90B208B2-CC34-49F1-857E-99333BD19542}.Debug|Any CPU.Build.0 = Debug|Any CPU
		{90B208B2-CC34-49F1-857E-99333BD19542}.Release|Any CPU.ActiveCfg = Release|Any CPU
		{90B208B2-CC34-49F1-857E-99333BD19542}.Release|Any CPU.Build.0 = Release|Any CPU
	EndGlobalSection
	GlobalSection(SolutionProperties) = preSolution
		HideSolutionNode = FALSE
	EndGlobalSection
	GlobalSection(ExtensibilityGlobals) = postSolution
		SolutionGuid = {1A93F13C-30BC-4934-B357-1320A09C66A0}
	EndGlobalSection
EndGlobal
