
Microsoft Visual Studio Solution File, Format Version 12.00
# Visual Studio Version 17
VisualStudioVersion = 17.6.33723.286
MinimumVisualStudioVersion = 10.0.40219.1
Project("{FAE04EC0-301F-11D3-BF4B-00C04F79EFBC}") = "Refazendomaisumavezaprova", "Refazendomaisumavezaprova\Refazendomaisumavezaprova.csproj", "{DC8B48B3-123E-4851-A190-8BD9AA94B9DA}"
EndProject
Global
	GlobalSection(SolutionConfigurationPlatforms) = preSolution
		Debug|Any CPU = Debug|Any CPU
		Release|Any CPU = Release|Any CPU
	EndGlobalSection
	GlobalSection(ProjectConfigurationPlatforms) = postSolution
		{DC8B48B3-123E-4851-A190-8BD9AA94B9DA}.Debug|Any CPU.ActiveCfg = Debug|Any CPU
		{DC8B48B3-123E-4851-A190-8BD9AA94B9DA}.Debug|Any CPU.Build.0 = Debug|Any CPU
		{DC8B48B3-123E-4851-A190-8BD9AA94B9DA}.Release|Any CPU.ActiveCfg = Release|Any CPU
		{DC8B48B3-123E-4851-A190-8BD9AA94B9DA}.Release|Any CPU.Build.0 = Release|Any CPU
	EndGlobalSection
	GlobalSection(SolutionProperties) = preSolution
		HideSolutionNode = FALSE
	EndGlobalSection
	GlobalSection(ExtensibilityGlobals) = postSolution
		SolutionGuid = {1DDB5783-296D-4BBC-B5F4-7B465AE5EE7E}
	EndGlobalSection
EndGlobal
