
Microsoft Visual Studio Solution File, Format Version 12.00
# Visual Studio Version 17
VisualStudioVersion = 17.6.33723.286
MinimumVisualStudioVersion = 10.0.40219.1
Project("{FAE04EC0-301F-11D3-BF4B-00C04F79EFBC}") = "Exer_MDI_paraProva", "Exer_MDI_paraProva\Exer_MDI_paraProva.csproj", "{69853D42-54EA-43E4-B987-4E9F8B70DD01}"
EndProject
Global
	GlobalSection(SolutionConfigurationPlatforms) = preSolution
		Debug|Any CPU = Debug|Any CPU
		Release|Any CPU = Release|Any CPU
	EndGlobalSection
	GlobalSection(ProjectConfigurationPlatforms) = postSolution
		{69853D42-54EA-43E4-B987-4E9F8B70DD01}.Debug|Any CPU.ActiveCfg = Debug|Any CPU
		{69853D42-54EA-43E4-B987-4E9F8B70DD01}.Debug|Any CPU.Build.0 = Debug|Any CPU
		{69853D42-54EA-43E4-B987-4E9F8B70DD01}.Release|Any CPU.ActiveCfg = Release|Any CPU
		{69853D42-54EA-43E4-B987-4E9F8B70DD01}.Release|Any CPU.Build.0 = Release|Any CPU
	EndGlobalSection
	GlobalSection(SolutionProperties) = preSolution
		HideSolutionNode = FALSE
	EndGlobalSection
	GlobalSection(ExtensibilityGlobals) = postSolution
		SolutionGuid = {6F0109FA-1768-4060-8E0E-9AB08F493B28}
	EndGlobalSection
EndGlobal
