
Microsoft Visual Studio Solution File, Format Version 12.00
# Visual Studio Version 16
VisualStudioVersion = 16.0.33027.164
MinimumVisualStudioVersion = 10.0.40219.1
Project("{FAE04EC0-301F-11D3-BF4B-00C04F79EFBC}") = "Data e arquivo", "Data e arquivo\Data e arquivo.csproj", "{BFAC0338-97C6-492F-9F26-DB71D283A34A}"
EndProject
Global
	GlobalSection(SolutionConfigurationPlatforms) = preSolution
		Debug|Any CPU = Debug|Any CPU
		Release|Any CPU = Release|Any CPU
	EndGlobalSection
	GlobalSection(ProjectConfigurationPlatforms) = postSolution
		{BFAC0338-97C6-492F-9F26-DB71D283A34A}.Debug|Any CPU.ActiveCfg = Debug|Any CPU
		{BFAC0338-97C6-492F-9F26-DB71D283A34A}.Debug|Any CPU.Build.0 = Debug|Any CPU
		{BFAC0338-97C6-492F-9F26-DB71D283A34A}.Release|Any CPU.ActiveCfg = Release|Any CPU
		{BFAC0338-97C6-492F-9F26-DB71D283A34A}.Release|Any CPU.Build.0 = Release|Any CPU
	EndGlobalSection
	GlobalSection(SolutionProperties) = preSolution
		HideSolutionNode = FALSE
	EndGlobalSection
	GlobalSection(ExtensibilityGlobals) = postSolution
		SolutionGuid = {F93B183F-8C40-4B9B-8CE9-6A60E93B4E65}
	EndGlobalSection
EndGlobal
